
Microsoft Visual Studio Solution File, Format Version 12.00
# Visual Studio 2013
VisualStudioVersion = 12.0.31101.0
MinimumVisualStudioVersion = 10.0.40219.1
Project("{FAE04EC0-301F-11D3-BF4B-00C04F79EFBC}") = "notomyk", "notomyk\notomyk.csproj", "{4762D3C2-ABE3-401F-8942-370FFC40164B}"
EndProject
Project("{2150E333-8FDC-42A3-9474-1A3956D46DE8}") = ".nuget", ".nuget", "{3423AB36-E9F3-49C2-B515-F42E74AE30C5}"
	ProjectSection(SolutionItems) = preProject
		.nuget\NuGet.Config = .nuget\NuGet.Config
		.nuget\NuGet.exe = .nuget\NuGet.exe
		.nuget\NuGet.targets = .nuget\NuGet.targets
	EndProjectSection
EndProject
Global
	GlobalSection(SolutionConfigurationPlatforms) = preSolution
		Debug|Any CPU = Debug|Any CPU
		Release|Any CPU = Release|Any CPU
	EndGlobalSection
	GlobalSection(ProjectConfigurationPlatforms) = postSolution
		{4762D3C2-ABE3-401F-8942-370FFC40164B}.Debug|Any CPU.ActiveCfg = Debug|Any CPU
		{4762D3C2-ABE3-401F-8942-370FFC40164B}.Debug|Any CPU.Build.0 = Debug|Any CPU
		{4762D3C2-ABE3-401F-8942-370FFC40164B}.Release|Any CPU.ActiveCfg = Release|Any CPU
		{4762D3C2-ABE3-401F-8942-370FFC40164B}.Release|Any CPU.Build.0 = Release|Any CPU
	EndGlobalSection
	GlobalSection(SolutionProperties) = preSolution
		HideSolutionNode = FALSE
	EndGlobalSection
EndGlobal
